{
    "_meta": {
        "hash": {
            "sha256": "a4e0247bc44954e4603dccf1de49d19127d0ba5d39dd3a80d5f72ae96a80ef3d"
        },
        "pipfile-spec": 6,
        "requires": {
            "python_version": "3.9"
        },
        "sources": [
            {
                "name": "pypi",
                "url": "https://pypi.org/simple",
                "verify_ssl": true
            }
        ]
    },
    "default": {
        "amqp": {
            "hashes": [
                "sha256:4d9cb6b5d69183ba279e97382ff68a071864c25b561d206dab73499d3ed26d1c",
                "sha256:d757b78fd7d3c6bb60e3ee811b68145583643747ed3ec253329f086aa3a72a5d"
            ],
            "markers": "python_version >= '3.6'",
            "version": "==5.0.7"
        },
        "aniso8601": {
            "hashes": [
                "sha256:1d2b7ef82963909e93c4f24ce48d4de9e66009a21bf1c1e1c85bdd0812fe412f",
                "sha256:72e3117667eedf66951bb2d93f4296a56b94b078a8a95905a052611fb3f1b973"
            ],
            "version": "==9.0.1"
        },
        "asgiref": {
            "hashes": [
                "sha256:4ef1ab46b484e3c706329cedeff284a5d40824200638503f5768edb6de7d58e9",
                "sha256:ffc141aa908e6f175673e7b1b3b7af4fdb0ecb738fc5c8b88f69f055c2415214"
            ],
            "markers": "python_version >= '3.6'",
            "version": "==3.4.1"
        },
        "billiard": {
            "hashes": [
                "sha256:299de5a8da28a783d51b197d496bef4f1595dd023a93a4f59dde1886ae905547",
                "sha256:87103ea78fa6ab4d5c751c4909bcff74617d985de7fa8b672cf8618afd5a875b"
            ],
            "version": "==3.6.4.0"
        },
        "celery": {
            "extras": [
                "redis"
            ],
            "hashes": [
                "sha256:b41a590b49caf8e6498a57db628e580d5f8dc6febda0f42de5d783aed5b7f808",
                "sha256:cc63ea6572d558be65297ba6db7a7979e64c0a3d0d61212d6302ef1ca05a0d22"
            ],
            "index": "pypi",
            "version": "==5.2.1"
        },
        "certifi": {
            "hashes": [
                "sha256:78884e7c1d4b00ce3cea67b44566851c4343c120abd683433ce934a68ea58872",
                "sha256:d62a0163eb4c2344ac042ab2bdf75399a71a2d8c7d47eac2e2ee91b9d6339569"
            ],
            "version": "==2021.10.8"
        },
        "charset-normalizer": {
            "hashes": [
                "sha256:1eecaa09422db5be9e29d7fc65664e6c33bd06f9ced7838578ba40d58bdf3721",
                "sha256:b0b883e8e874edfdece9c28f314e3dd5badf067342e42fb162203335ae61aa2c"
            ],
            "markers": "python_version >= '3'",
            "version": "==2.0.9"
        },
        "click": {
            "hashes": [
                "sha256:353f466495adaeb40b6b5f592f9f91cb22372351c84caeb068132442a4518ef3",
                "sha256:410e932b050f5eed773c4cda94de75971c89cdb3155a72a0831139a79e5ecb5b"
            ],
            "markers": "python_version >= '3.6'",
            "version": "==8.0.3"
        },
        "click-didyoumean": {
            "hashes": [
                "sha256:a0713dc7a1de3f06bc0df5a9567ad19ead2d3d5689b434768a6145bff77c0667",
                "sha256:f184f0d851d96b6d29297354ed981b7dd71df7ff500d82fa6d11f0856bee8035"
            ],
            "markers": "python_version < '4' and python_full_version >= '3.6.2'",
            "version": "==0.3.0"
        },
        "click-plugins": {
            "hashes": [
                "sha256:46ab999744a9d831159c3411bb0c79346d94a444df9a3a3742e9ed63645f264b",
                "sha256:5d262006d3222f5057fd81e1623d4443e41dcda5dc815c06b442aa3c02889fc8"
            ],
            "version": "==1.1.1"
        },
        "click-repl": {
            "hashes": [
                "sha256:94b3fbbc9406a236f176e0506524b2937e4b23b6f4c0c0b2a0a83f8a64e9194b",
                "sha256:cd12f68d745bf6151210790540b4cb064c7b13e571bc64b6957d98d120dacfd8"
            ],
            "version": "==0.2.0"
        },
        "dj-database-url": {
            "hashes": [
                "sha256:4aeaeb1f573c74835b0686a2b46b85990571159ffc21aa57ecd4d1e1cb334163",
                "sha256:851785365761ebe4994a921b433062309eb882fedd318e1b0fcecc607ed02da9"
            ],
            "index": "pypi",
            "version": "==0.5.0"
        },
        "django": {
            "hashes": [
                "sha256:074e8818b4b40acdc2369e67dcd6555d558329785408dcd25340ee98f1f1d5c4",
                "sha256:df6f5eb3c797b27c096d61494507b7634526d4ce8d7c8ca1e57a4fb19c0738a3"
            ],
            "index": "pypi",
            "version": "==3.2.10"
        },
        "django-anymail": {
            "extras": [
                "mailgun"
            ],
            "hashes": [
                "sha256:2e8307e84f0a12f9283469017094a8246db9a0fc608ac17dd1027ee011ece986",
                "sha256:671a338de43b8e414d48c6d16aac1df54d2f24f916e1073f9f60aef5acffaf89"
            ],
            "index": "pypi",
            "version": "==8.4"
        },
        "django-celery-results": {
            "hashes": [
                "sha256:cc0285090a306f97f1d4b7929ed98af0475bf6db2568976b3387de4fbe812edc",
                "sha256:d5f83fad9091e52cd6dbb3ca80632153ad14b6cdac4d73258e040f92717237cb"
            ],
            "index": "pypi",
            "version": "==2.2.0"
        },
        "django-cors-headers": {
            "hashes": [
                "sha256:1390b5846e9835b0911e2574409788af87cd9154246aafbdc8ec546c93698fe6",
                "sha256:b5a874b492bcad99f544bb76ef679472259eb41ee5644ca62d1a94ddb26b7f6e"
            ],
            "index": "pypi",
            "version": "==3.10.1"
        },
        "django-extensions": {
            "hashes": [
                "sha256:28e1e1bf49f0e00307ba574d645b0af3564c981a6dfc87209d48cb98f77d0b1a",
                "sha256:9238b9e016bb0009d621e05cf56ea8ce5cce9b32e91ad2026996a7377ca28069"
            ],
            "index": "pypi",
            "version": "==3.1.5"
        },
        "django-ordered-model": {
            "hashes": [
                "sha256:3a8a0259bfd73a0c0b124932bb1fe59a6d2f4cbea096b20634d2a2d1f5d585cc",
                "sha256:5aa58277b81b4ca93fb18caf15069af604bac5c5146d2c29aae56da07a86ef1b"
            ],
            "index": "pypi",
            "version": "==3.4.3"
        },
        "graphene": {
            "hashes": [
                "sha256:57ce5ee7c9dc194224a1df96e4f7cb48d31eae96c791091d059f8f3d4d131390",
                "sha256:af48066e152200a071aac1e0b703954c717ec7268720ba190a0c91d9bcb0a122"
            ],
            "version": "==3.0"
        },
        "graphene-django": {
            "hashes": [
                "sha256:0f226ec7db744a54dbc5d6db2aa52d945701ae800e1055046dec2b76a539550a",
                "sha256:b1a4ce1a2227b1e77f67f0bc2fadd59c1d05016cb9aced45ab65f8612fba2c87"
            ],
            "index": "pypi",
            "version": "==3.0.0b7"
        },
        "graphql-core": {
            "hashes": [
                "sha256:62ec192150ccecd9a18cfb79e3e72eb7d1fd68fb594ef19c40099b6deec8ef0c",
                "sha256:9b460f60320be01c7f3b1766cf3e406933003008055079b9d983b8f3988f4400"
            ],
            "markers": "python_version >= '3.6' and python_version < '4'",
            "version": "==3.1.7"
        },
        "graphql-relay": {
            "hashes": [
                "sha256:2cda0ac0199dd56c28ca4f6e0381cdcf5787809c06d1507df3c2a738f9ad846f",
                "sha256:70d5a7ee5995ea7c2a9a37e51227663b1a464f1f40e98fdde950be5415dfe0b4"
            ],
            "markers": "python_version >= '3.6' and python_version < '4'",
            "version": "==3.1.0"
        },
        "gunicorn": {
            "hashes": [
                "sha256:9dcc4547dbb1cb284accfb15ab5667a0e5d1881cc443e0677b4882a4067a807e",
                "sha256:e0a968b5ba15f8a328fdfd7ab1fcb5af4470c28aaf7e55df02a99bc13138e6e8"
            ],
            "index": "pypi",
            "version": "==20.1.0"
        },
        "idna": {
            "hashes": [
                "sha256:84d9dd047ffa80596e0f246e2eab0b391788b0503584e8945f2368256d2735ff",
                "sha256:9d643ff0a55b762d5cdb124b8eaa99c66322e2157b69160bc32796e824360e6d"
            ],
            "markers": "python_version >= '3'",
            "version": "==3.3"
        },
        "kombu": {
            "hashes": [
                "sha256:0f5d0763fb916808f617b886697b2be28e6bc35026f08e679697fc814b48a608",
                "sha256:d36f0cde6a18d9eb7b6b3aa62a59bfdff7f5724689850e447eca5be8efc9d501"
            ],
            "markers": "python_version >= '3.7'",
            "version": "==5.2.2"
        },
        "newrelic": {
            "hashes": [
                "sha256:1cb3ed22ed3c119e557f3a097b2bbcfb6c0aa5aa9842b1fa09d2a8145f4d931a",
                "sha256:25fa6091bb6881d9e2918655fe3f1390c080f6f74f9e6607555fb29230836d91",
                "sha256:48cac4a9815907df85e9ce287ec9c6172fe4faa57f1750663d8846104d51af78",
                "sha256:53835848acb863acc1bc415097156661c7f3c5d483bbfbf9cf19312182fcb797",
                "sha256:60c50b17a25128b1400a868304278128ce3d6379acb7b12893efcb5725922e45",
                "sha256:8a7f8e46bd02f39d2abb67c39b19a860e8b6ce2263a37ee1fa5744cbfef61f85",
                "sha256:9efdb7432457f4cdab03aa417bd1e80974786039c7fddff9fb0c71325e35eea7",
                "sha256:a5f3f9e87358bce7ab21789c52d4b16a586b21c6ac70deec2c34c5c87e96fc44",
                "sha256:b37e1fa55489a63dd3b76742fc357d02b18ced49ff4efb0da42865beae651956",
                "sha256:b85ccfdfef4ca3bb3a25afbbe5281cf2bcdac41e63d5d118e6a1fc405add09ec",
                "sha256:c59f76676529e8fb1627333622b9debd3cb825c4f1ee325d1d0249d35bdead0d",
                "sha256:e3d59a7d08c32bd386c804057618a2b68b829b2e444c42dddfc0da3eff0eeeb3",
                "sha256:ec3d2012c035e846e8c6ca0629decceb3f65eca88e787ab58fc0c56dbf933936",
                "sha256:fa5c6a4e8c3feadfc8c246631c631735c91b8f4f0a380add1b629415005b12c0",
                "sha256:fee14166041cfdf9743083b4398056d1cd8c727d4df2e3c2090e627ee33e3ddf"
            ],
            "index": "pypi",
            "version": "==7.2.4.171"
        },
        "promise": {
            "hashes": [
                "sha256:dfd18337c523ba4b6a58801c164c1904a9d4d1b1747c7d5dbf45b693a49d93d0"
            ],
            "version": "==2.3"
        },
        "prompt-toolkit": {
            "hashes": [
                "sha256:1bb05628c7d87b645974a1bad3f17612be0c29fa39af9f7688030163f680bad6",
                "sha256:e56f2ff799bacecd3e88165b1e2f5ebf9bcd59e80e06d395fa0cc4b8bd7bb506"
            ],
            "markers": "python_full_version >= '3.6.2'",
            "version": "==3.0.24"
        },
        "psycopg2": {
            "hashes": [
                "sha256:26322c3f114de1f60c1b0febf8fdd595c221b4f624524178f515d07350a71bd1",
                "sha256:6796ac614412ce374587147150e56d03b7845c9e031b88aacdcadc880e81bb38",
                "sha256:77b9105ef37bc005b8ffbcb1ed6d8685bb0e8ce84773738aa56421a007ec5a7a",
                "sha256:77d09a79f9739b97099d2952bbbf18eaa4eaf825362387acbb9552ec1b3fa228",
                "sha256:91c7fd0fe9e6c118e8ff5b665bc3445781d3615fa78e131d0b4f8c85e8ca9ec8",
                "sha256:a761b60da0ecaf6a9866985bcde26327883ac3cdb90535ab68b8d784f02b05ef",
                "sha256:a84da9fa891848e0270e8e04dcca073bc9046441eeb47069f5c0e36783debbea",
                "sha256:b8816c6410fa08d2a022e4e38d128bae97c1855e176a00493d6ec62ccd606d57",
                "sha256:dfc32db6ce9ecc35a131320888b547199f79822b028934bb5b332f4169393e15",
                "sha256:f65cba7924363e0d2f416041b48ff69d559548f2cb168ff972c54e09e1e64db8",
                "sha256:fd7ddab7d6afee4e21c03c648c8b667b197104713e57ec404d5b74097af21e31"
            ],
            "index": "pypi",
            "version": "==2.9.2"
        },
        "pytest-celery": {
            "hashes": [
                "sha256:63dec132df3a839226ecb003ffdbb0c2cb88dd328550957e979c942766578060",
                "sha256:cfd060fc32676afa1e4f51b2938f903f7f75d952186b8c6cf631628c4088f406"
            ],
            "index": "pypi",
            "version": "==0.0.0"
        },
        "python-dotenv": {
            "hashes": [
                "sha256:32b2bdc1873fd3a3c346da1c6db83d0053c3c62f28f1f38516070c4c8971b1d3",
                "sha256:a5de49a31e953b45ff2d2fd434bbc2670e8db5273606c1e737cc6b93eff3655f"
            ],
            "index": "pypi",
            "version": "==0.19.2"
        },
        "pytz": {
            "hashes": [
                "sha256:3672058bc3453457b622aab7a1c3bfd5ab0bdae451512f6cf25f64ed37f5b87c",
                "sha256:acad2d8b20a1af07d4e4c9d2e9285c5ed9104354062f275f3fcd88dcef4f1326"
            ],
            "version": "==2021.3"
        },
        "redis": {
            "hashes": [
                "sha256:0e7e0cfca8660dea8b7d5cd8c4f6c5e29e11f31158c0b0ae91a397f00e5a05a2",
                "sha256:432b788c4530cfe16d8d943a09d40ca6c16149727e4afe8c2c9d5580c59d9f24"
            ],
            "version": "==3.5.3"
        },
        "requests": {
            "hashes": [
                "sha256:6c1246513ecd5ecd4528a0906f910e8f0f9c6b8ec72030dc9fd154dc1a6efd24",
                "sha256:b8aa58f8cf793ffd8782d3d8cb19e66ef36f7aba4353eec859e74678b01b07a7"
            ],
            "markers": "python_version >= '2.7' and python_version not in '3.0, 3.1, 3.2, 3.3, 3.4, 3.5'",
            "version": "==2.26.0"
        },
        "setuptools": {
            "hashes": [
                "sha256:22c7348c6d2976a52632c67f7ab0cdf40147db7789f9aed18734643fe9cf3373",
                "sha256:4ce92f1e1f8f01233ee9952c04f6b81d1e02939d6e1b488428154974a4d0783e"
            ],
            "markers": "python_version >= '3.6'",
            "version": "==59.6.0"
        },
        "six": {
            "hashes": [
                "sha256:1e61c37477a1626458e36f7b1d82aa5c9b094fa4802892072e49de9c60c4c926",
                "sha256:8abb2f1d86890a2dfb989f9a77cfcfd3e47c2a354b01111771326f8aa26e0254"
            ],
            "markers": "python_version >= '2.7' and python_version not in '3.0, 3.1, 3.2, 3.3'",
            "version": "==1.16.0"
        },
        "sqlparse": {
            "hashes": [
                "sha256:0c00730c74263a94e5a9919ade150dfc3b19c574389985446148402998287dae",
                "sha256:48719e356bb8b42991bdbb1e8b83223757b93789c00910a616a071910ca4a64d"
            ],
            "markers": "python_version >= '3.5'",
            "version": "==0.4.2"
        },
        "text-unidecode": {
            "hashes": [
                "sha256:1311f10e8b895935241623731c2ba64f4c455287888b18189350b67134a822e8",
                "sha256:bad6603bb14d279193107714b288be206cac565dfa49aa5b105294dd5c4aab93"
            ],
            "version": "==1.3"
        },
        "urllib3": {
            "hashes": [
                "sha256:4987c65554f7a2dbf30c18fd48778ef124af6fab771a377103da0585e2336ece",
                "sha256:c4fdf4019605b6e5423637e01bc9fe4daef873709a7973e195ceba0a62bbc844"
            ],
            "markers": "python_version >= '2.7' and python_version not in '3.0, 3.1, 3.2, 3.3, 3.4' and python_version < '4'",
            "version": "==1.26.7"
        },
        "vine": {
            "hashes": [
                "sha256:4c9dceab6f76ed92105027c49c823800dd33cacce13bdedc5b914e3514b7fb30",
                "sha256:7d3b1624a953da82ef63462013bbd271d3eb75751489f9807598e8f340bd637e"
            ],
            "markers": "python_version >= '3.6'",
            "version": "==5.0.0"
        },
        "wcwidth": {
            "hashes": [
                "sha256:beb4802a9cebb9144e99086eff703a642a13d6a0052920003a230f3294bbe784",
                "sha256:c4d647b99872929fdb7bdcaa4fbe7f01413ed3d98077df798530e5b04f116c83"
            ],
            "version": "==0.2.5"
        },
        "whitenoise": {
            "hashes": [
                "sha256:d234b871b52271ae7ed6d9da47ffe857c76568f11dd30e28e18c5869dbd11e12",
                "sha256:d963ef25639d1417e8a247be36e6aedd8c7c6f0a08adcb5a89146980a96b577c"
            ],
            "index": "pypi",
            "version": "==5.3.0"
        }
    },
    "develop": {
        "appnope": {
            "hashes": [
                "sha256:93aa393e9d6c54c5cd570ccadd8edad61ea0c4b9ea7a01409020c9aa019eb442",
                "sha256:dd83cd4b5b460958838f6eb3000c660b1f9caf2a5b1de4264e941512f603258a"
            ],
            "markers": "sys_platform == 'darwin'",
            "version": "==0.1.2"
        },
        "asttokens": {
            "hashes": [
                "sha256:0844691e88552595a6f4a4281a9f7f79b8dd45ca4ccea82e5e05b4bbdb76705c",
                "sha256:9a54c114f02c7a9480d56550932546a3f1fe71d8a02f1bc7ccd0ee3ee35cf4d5"
            ],
            "version": "==2.0.5"
        },
        "attrs": {
            "hashes": [
                "sha256:149e90d6d8ac20db7a955ad60cf0e6881a3f20d37096140088356da6c716b0b1",
                "sha256:ef6aaac3ca6cd92904cdd0d83f629a15f18053ec84e6432106f7a4d04ae4f5fb"
            ],
            "markers": "python_version >= '2.7' and python_version not in '3.0, 3.1, 3.2, 3.3, 3.4'",
            "version": "==21.2.0"
        },
        "backcall": {
            "hashes": [
                "sha256:5cbdbf27be5e7cfadb448baf0aa95508f91f2bbc6c6437cd9cd06e2a4c215e1e",
                "sha256:fbbce6a29f263178a1f7915c1940bde0ec2b2a967566fe1c65c1dfb7422bd255"
            ],
            "version": "==0.2.0"
        },
        "black": {
            "hashes": [
                "sha256:77b80f693a569e2e527958459634f18df9b0ba2625ba4e0c2d5da5be42e6f2b3",
                "sha256:a615e69ae185e08fdd73e4715e260e2479c861b5740057fde6e8b4e3b7dd589f"
            ],
            "index": "pypi",
            "version": "==21.12b0"
        },
        "click": {
            "hashes": [
                "sha256:353f466495adaeb40b6b5f592f9f91cb22372351c84caeb068132442a4518ef3",
                "sha256:410e932b050f5eed773c4cda94de75971c89cdb3155a72a0831139a79e5ecb5b"
            ],
            "markers": "python_version >= '3.6'",
            "version": "==8.0.3"
        },
        "decorator": {
            "hashes": [
                "sha256:7b12e7c3c6ab203a29e157335e9122cb03de9ab7264b137594103fd4a683b374",
                "sha256:e59913af105b9860aa2c8d3272d9de5a56a4e608db9a2f167a8480b323d529a7"
            ],
            "markers": "python_version >= '3.5'",
            "version": "==5.1.0"
        },
        "executing": {
            "hashes": [
                "sha256:32fc6077b103bd19e6494a72682d66d5763cf20a106d5aa7c5ccbea4e47b0df7",
                "sha256:c23bf42e9a7b9b212f185b1b2c3c91feb895963378887bb10e64a2e612ec0023"
            ],
            "version": "==0.8.2"
        },
        "factory-boy": {
            "hashes": [
                "sha256:a98d277b0c047c75eb6e4ab8508a7f81fb03d2cb21986f627913546ef7a2a55e",
                "sha256:eb02a7dd1b577ef606b75a253b9818e6f9eaf996d94449c9d5ebb124f90dc795"
            ],
            "index": "pypi",
            "version": "==3.2.1"
        },
        "faker": {
            "hashes": [
                "sha256:3163c84866cf118ac5329a802e046b0f729528ce62ebb2806b626e0badbb6ff3",
                "sha256:530690ad12a2a054071af95fc8a354c5fd57b5e7707053a9662f40f14a87b68e"
            ],
            "markers": "python_version >= '3.6'",
            "version": "==10.0.0"
        },
        "flake8": {
            "hashes": [
                "sha256:479b1304f72536a55948cb40a32dce8bb0ffe3501e26eaf292c7e60eb5e0428d",
                "sha256:806e034dda44114815e23c16ef92f95c91e4c71100ff52813adf7132a6ad870d"
            ],
            "index": "pypi",
            "version": "==4.0.1"
        },
        "flake8-black": {
            "hashes": [
                "sha256:c199844bc1b559d91195ebe8620216f21ed67f2cc1ff6884294c91a0d2492684",
                "sha256:cc080ba5b3773b69ba102b6617a00cc4ecbad8914109690cfda4d565ea435d96"
            ],
            "index": "pypi",
            "version": "==0.2.3"
        },
        "flake8-docstrings": {
            "hashes": [
                "sha256:99cac583d6c7e32dd28bbfbef120a7c0d1b6dde4adb5a9fd441c4227a6534bde",
                "sha256:9fe7c6a306064af8e62a055c2f61e9eb1da55f84bb39caef2b84ce53708ac34b"
            ],
            "index": "pypi",
            "version": "==1.6.0"
        },
        "flake8-isort": {
            "hashes": [
                "sha256:c4e8b6dcb7be9b71a02e6e5d4196cefcef0f3447be51e82730fb336fff164949",
                "sha256:d814304ab70e6e58859bc5c3e221e2e6e71c958e7005239202fee19c24f82717"
            ],
            "index": "pypi",
            "version": "==4.1.1"
        },
        "iniconfig": {
            "hashes": [
                "sha256:011e24c64b7f47f6ebd835bb12a743f2fbe9a26d4cecaa7f53bc4f35ee9da8b3",
                "sha256:bc3af051d7d14b2ee5ef9969666def0cd1a000e121eaea580d4a313df4b37f32"
            ],
            "version": "==1.1.1"
        },
        "ipython": {
            "hashes": [
                "sha256:570b813470ffd4b807ec84103844a18fe9558b5e3c096d8774c2364707fbda00",
                "sha256:72d45dc63bdd630c36d07259e9d9572b391229a0686ff2349e00c67fadd276e3"
            ],
            "index": "pypi",
            "version": "==8.0.0a1"
        },
        "isort": {
            "hashes": [
                "sha256:6f62d78e2f89b4500b080fe3a81690850cd254227f27f75c3a0c491a1f351ba7",
                "sha256:e8443a5e7a020e9d7f97f1d7d9cd17c88bcb3bc7e218bf9cf5095fe550be2951"
            ],
            "index": "pypi",
            "version": "==5.10.1"
        },
        "jedi": {
            "hashes": [
                "sha256:637c9635fcf47945ceb91cd7f320234a7be540ded6f3e99a50cb6febdfd1ba8d",
                "sha256:74137626a64a99c8eb6ae5832d99b3bdd7d29a3850fe2aa80a4126b2a7d949ab"
            ],
            "markers": "python_version >= '3.6'",
            "version": "==0.18.1"
        },
        "matplotlib-inline": {
            "hashes": [
                "sha256:a04bfba22e0d1395479f866853ec1ee28eea1485c1d69a6faf00dc3e24ff34ee",
                "sha256:aed605ba3b72462d64d475a21a9296f400a19c4f74a31b59103d2a99ffd5aa5c"
            ],
            "markers": "python_version >= '3.5'",
            "version": "==0.1.3"
        },
        "mccabe": {
            "hashes": [
                "sha256:ab8a6258860da4b6677da4bd2fe5dc2c659cff31b3ee4f7f5d64e79735b80d42",
                "sha256:dd8d182285a0fe56bace7f45b5e7d1a6ebcbf524e8f3bd87eb0f125271b8831f"
            ],
            "version": "==0.6.1"
        },
        "mypy-extensions": {
            "hashes": [
                "sha256:090fedd75945a69ae91ce1303b5824f428daf5a028d2f6ab8a299250a846f15d",
                "sha256:2d82818f5bb3e369420cb3c4060a7970edba416647068eb4c5343488a6c604a8"
            ],
            "version": "==0.4.3"
        },
        "packaging": {
            "hashes": [
                "sha256:dd47c42927d89ab911e606518907cc2d3a1f38bbd026385970643f9c5b8ecfeb",
                "sha256:ef103e05f519cdc783ae24ea4e2e0f508a9c99b2d4969652eed6a2e1ea5bd522"
            ],
            "markers": "python_version >= '3.6'",
            "version": "==21.3"
        },
        "parso": {
            "hashes": [
                "sha256:8c07be290bb59f03588915921e29e8a50002acaf2cdc5fa0e0114f91709fafa0",
                "sha256:c001d4636cd3aecdaf33cbb40aebb59b094be2a74c556778ef5576c175e19e75"
            ],
            "markers": "python_version >= '3.6'",
            "version": "==0.8.3"
        },
        "pathspec": {
            "hashes": [
                "sha256:7d15c4ddb0b5c802d161efc417ec1a2558ea2653c2e8ad9c19098201dc1c993a",
                "sha256:e564499435a2673d586f6b2130bb5b95f04a3ba06f81b8f895b651a3c76aabb1"
            ],
            "version": "==0.9.0"
        },
        "pexpect": {
            "hashes": [
                "sha256:0b48a55dcb3c05f3329815901ea4fc1537514d6ba867a152b581d69ae3710937",
                "sha256:fc65a43959d153d0114afe13997d439c22823a27cefceb5ff35c2178c6784c0c"
            ],
            "markers": "sys_platform != 'win32'",
            "version": "==4.8.0"
        },
        "pickleshare": {
            "hashes": [
                "sha256:87683d47965c1da65cdacaf31c8441d12b8044cdec9aca500cd78fc2c683afca",
                "sha256:9649af414d74d4df115d5d718f82acb59c9d418196b7b4290ed47a12ce62df56"
            ],
            "version": "==0.7.5"
        },
        "platformdirs": {
            "hashes": [
                "sha256:367a5e80b3d04d2428ffa76d33f124cf11e8fff2acdaa9b43d545f5c7d661ef2",
                "sha256:8868bbe3c3c80d42f20156f22e7131d2fb321f5bc86a2a345375c6481a67021d"
            ],
            "markers": "python_version >= '3.6'",
            "version": "==2.4.0"
        },
        "pluggy": {
            "hashes": [
                "sha256:4224373bacce55f955a878bf9cfa763c1e360858e330072059e10bad68531159",
                "sha256:74134bbf457f031a36d68416e1509f34bd5ccc019f0bcc952c7b909d06b37bd3"
            ],
            "markers": "python_version >= '3.6'",
            "version": "==1.0.0"
        },
        "prompt-toolkit": {
            "hashes": [
                "sha256:1bb05628c7d87b645974a1bad3f17612be0c29fa39af9f7688030163f680bad6",
                "sha256:e56f2ff799bacecd3e88165b1e2f5ebf9bcd59e80e06d395fa0cc4b8bd7bb506"
            ],
            "markers": "python_full_version >= '3.6.2'",
            "version": "==3.0.24"
        },
        "ptyprocess": {
            "hashes": [
                "sha256:4b41f3967fce3af57cc7e94b888626c18bf37a083e3651ca8feeb66d492fef35",
                "sha256:5c5d0a3b48ceee0b48485e0c26037c0acd7d29765ca3fbb5cb3831d347423220"
            ],
            "version": "==0.7.0"
        },
        "pure-eval": {
            "hashes": [
                "sha256:0f04483b16c9429532d2c0ddc96e2b3bb6b2dc37a2bfb0e986248dbfd0b78873",
                "sha256:94eeb505a88721bec7bb21a4ac49758b8b1a01530da1a70d4ffc1d9937689d71"
            ],
            "version": "==0.2.1"
        },
        "py": {
            "hashes": [
                "sha256:51c75c4126074b472f746a24399ad32f6053d1b34b68d2fa41e558e6f4a98719",
                "sha256:607c53218732647dff4acdfcd50cb62615cedf612e72d1724fb1a0cc6405b378"
            ],
            "markers": "python_version >= '2.7' and python_version not in '3.0, 3.1, 3.2, 3.3, 3.4'",
            "version": "==1.11.0"
        },
        "pycodestyle": {
            "hashes": [
                "sha256:720f8b39dde8b293825e7ff02c475f3077124006db4f440dcbc9a20b76548a20",
                "sha256:eddd5847ef438ea1c7870ca7eb78a9d47ce0cdb4851a5523949f2601d0cbbe7f"
            ],
            "markers": "python_version >= '2.7' and python_version not in '3.0, 3.1, 3.2, 3.3, 3.4'",
            "version": "==2.8.0"
        },
        "pydocstyle": {
            "hashes": [
                "sha256:1d41b7c459ba0ee6c345f2eb9ae827cab14a7533a88c5c6f7e94923f72df92dc",
                "sha256:6987826d6775056839940041beef5c08cc7e3d71d63149b48e36727f70144dc4"
            ],
            "markers": "python_version >= '3.6'",
            "version": "==6.1.1"
        },
        "pyflakes": {
            "hashes": [
                "sha256:05a85c2872edf37a4ed30b0cce2f6093e1d0581f8c19d7393122da7e25b2b24c",
                "sha256:3bb3a3f256f4b7968c9c788781e4ff07dce46bdf12339dcda61053375426ee2e"
            ],
            "markers": "python_version >= '2.7' and python_version not in '3.0, 3.1, 3.2, 3.3'",
            "version": "==2.4.0"
        },
        "pygments": {
            "hashes": [
                "sha256:b8e67fe6af78f492b3c4b3e2970c0624cbf08beb1e493b2c99b9fa1b67a20380",
                "sha256:f398865f7eb6874156579fdf36bc840a03cab64d1cde9e93d68f46a425ec52c6"
            ],
            "markers": "python_version >= '3.5'",
            "version": "==2.10.0"
        },
        "pyparsing": {
            "hashes": [
                "sha256:04ff808a5b90911829c55c4e26f75fa5ca8a2f5f36aa3a51f68e27033341d3e4",
                "sha256:d9bdec0013ef1eb5a84ab39a3b3868911598afa494f5faa038647101504e2b81"
            ],
            "markers": "python_version >= '3.6'",
            "version": "==3.0.6"
        },
        "pytest": {
            "hashes": [
                "sha256:8fc363e0b7407a9397e660ef81e1634e4504faaeb6ad1d2416da4c38d29a0f45",
                "sha256:e1af71303d633af3376130b388e028342815cff74d2f3be4aeb22f3fd94325e6"
            ],
            "markers": "python_version >= '3.6'",
            "version": "==7.0.0rc1"
        },
        "pytest-django": {
            "hashes": [
                "sha256:c60834861933773109334fe5a53e83d1ef4828f2203a1d6a0fa9972f4f75ab3e",
                "sha256:d9076f759bb7c36939dbdd5ae6633c18edfc2902d1a69fdbefd2426b970ce6c2"
            ],
            "index": "pypi",
            "version": "==4.5.2"
        },
        "python-dateutil": {
            "hashes": [
                "sha256:0123cacc1627ae19ddf3c27a5de5bd67ee4586fbdd6440d9748f8abb483d3e86",
                "sha256:961d03dc3453ebbc59dbdea9e4e11c5651520a876d0f4db161e8674aae935da9"
            ],
            "markers": "python_version >= '2.7' and python_version not in '3.0, 3.1, 3.2, 3.3'",
            "version": "==2.8.2"
        },
        "setuptools": {
            "hashes": [
                "sha256:22c7348c6d2976a52632c67f7ab0cdf40147db7789f9aed18734643fe9cf3373",
                "sha256:4ce92f1e1f8f01233ee9952c04f6b81d1e02939d6e1b488428154974a4d0783e"
            ],
            "markers": "python_version >= '3.6'",
            "version": "==59.6.0"
        },
        "six": {
            "hashes": [
                "sha256:1e61c37477a1626458e36f7b1d82aa5c9b094fa4802892072e49de9c60c4c926",
                "sha256:8abb2f1d86890a2dfb989f9a77cfcfd3e47c2a354b01111771326f8aa26e0254"
            ],
            "markers": "python_version >= '2.7' and python_version not in '3.0, 3.1, 3.2, 3.3'",
            "version": "==1.16.0"
        },
        "snowballstemmer": {
            "hashes": [
                "sha256:09b16deb8547d3412ad7b590689584cd0fe25ec8db3be37788be3810cbf19cb1",
                "sha256:c8e1716e83cc398ae16824e5572ae04e0d9fc2c6b985fb0f900f5f0c96ecba1a"
            ],
            "version": "==2.2.0"
        },
        "stack-data": {
            "hashes": [
                "sha256:5cb2aff8164a81901160078ea2f5e39de978f08c96ac69e552a5c5345f892a81",
                "sha256:e3f4e54cde03af62e9afd680b3407d38f2e4f3d0e23c3d53371c088c9bea299d"
            ],
            "version": "==0.1.3"
        },
        "testfixtures": {
            "hashes": [
                "sha256:2600100ae96ffd082334b378e355550fef8b4a529a6fa4c34f47130905c7426d",
                "sha256:6ddb7f56a123e1a9339f130a200359092bd0a6455e31838d6c477e8729bb7763"
            ],
            "version": "==6.18.3"
        },
        "text-unidecode": {
            "hashes": [
                "sha256:1311f10e8b895935241623731c2ba64f4c455287888b18189350b67134a822e8",
                "sha256:bad6603bb14d279193107714b288be206cac565dfa49aa5b105294dd5c4aab93"
            ],
            "version": "==1.3"
        },
        "toml": {
            "hashes": [
                "sha256:806143ae5bfb6a3c6e736a764057db0e6a0e05e338b5630894a5f779cabb4f9b",
                "sha256:b3bda1d108d5dd99f4a20d24d9c348e91c4db7ab1b749200bded2f839ccbe68f"
            ],
            "markers": "python_version >= '2.6' and python_version not in '3.0, 3.1, 3.2, 3.3'",
            "version": "==0.10.2"
        },
        "tomli": {
            "hashes": [
                "sha256:05b6166bff487dc068d322585c7ea4ef78deed501cc124060e0f238e89a9231f",
                "sha256:e3069e4be3ead9668e21cb9b074cd948f7b3113fd9c8bba083f48247aab8b11c"
            ],
            "markers": "python_version >= '3.6'",
            "version": "==1.2.3"
        },
        "tqdm": {
            "hashes": [
                "sha256:8dd278a422499cd6b727e6ae4061c40b48fce8b76d1ccbf5d34fca9b7f925b0c",
                "sha256:d359de7217506c9851b7869f3708d8ee53ed70a1b8edbba4dbcb47442592920d"
            ],
            "index": "pypi",
            "version": "==4.62.3"
        },
        "traitlets": {
            "hashes": [
                "sha256:059f456c5a7c1c82b98c2e8c799f39c9b8128f6d0d46941ee118daace9eb70c7",
                "sha256:2d313cc50a42cd6c277e7d7dc8d4d7fedd06a2c215f78766ae7b1a66277e0033"
            ],
            "markers": "python_version >= '3.7'",
            "version": "==5.1.1"
        },
        "typing-extensions": {
            "hashes": [
                "sha256:4ca091dea149f945ec56afb48dae714f21e8692ef22a395223bcd328961b6a0e",
                "sha256:7f001e5ac290a0c0401508864c7ec868be4e701886d5b573a9528ed3973d9d3b"
            ],
            "markers": "python_version >= '3.6'",
            "version": "==4.0.1"
        },
        "wcwidth": {
            "hashes": [
                "sha256:beb4802a9cebb9144e99086eff703a642a13d6a0052920003a230f3294bbe784",
                "sha256:c4d647b99872929fdb7bdcaa4fbe7f01413ed3d98077df798530e5b04f116c83"
            ],
            "version": "==0.2.5"
        }
    }
}
